
Microsoft Visual Studio Solution File, Format Version 12.00
# Visual Studio 15
VisualStudioVersion = 15.0.28307.168
MinimumVisualStudioVersion = 10.0.40219.1
Project("{FAE04EC0-301F-11D3-BF4B-00C04F79EFBC}") = "Roulette", "Roulette\Roulette.csproj", "{F86E6BE7-A5A7-4B2A-8BF5-4C63EEBC568C}"
EndProject
Global
	GlobalSection(SolutionConfigurationPlatforms) = preSolution
		Debug|Any CPU = Debug|Any CPU
		Release|Any CPU = Release|Any CPU
	EndGlobalSection
	GlobalSection(ProjectConfigurationPlatforms) = postSolution
		{F86E6BE7-A5A7-4B2A-8BF5-4C63EEBC568C}.Debug|Any CPU.ActiveCfg = Debug|Any CPU
		{F86E6BE7-A5A7-4B2A-8BF5-4C63EEBC568C}.Debug|Any CPU.Build.0 = Debug|Any CPU
		{F86E6BE7-A5A7-4B2A-8BF5-4C63EEBC568C}.Release|Any CPU.ActiveCfg = Release|Any CPU
		{F86E6BE7-A5A7-4B2A-8BF5-4C63EEBC568C}.Release|Any CPU.Build.0 = Release|Any CPU
	EndGlobalSection
	GlobalSection(SolutionProperties) = preSolution
		HideSolutionNode = FALSE
	EndGlobalSection
	GlobalSection(ExtensibilityGlobals) = postSolution
		SolutionGuid = {1E5FEE03-6C4D-4F1C-842B-E4C8BCB9C820}
	EndGlobalSection
EndGlobal
